// !$*UTF8*$!
{
	archiveVersion = 1;
	classes = {
	};
	objectVersion = 46;
	objects = {

/* Begin PBXBuildFile section */
		79FAB1DC1D849BD300D78536 /* AppDelegate.swift in Sources */ = {isa = PBXBuildFile; fileRef = 79FAB1DB1D849BD300D78536 /* AppDelegate.swift */; };
		79FAB1DE1D849BD300D78536 /* ViewController.swift in Sources */ = {isa = PBXBuildFile; fileRef = 79FAB1DD1D849BD300D78536 /* ViewController.swift */; };
		79FAB1E11D849BD300D78536 /* Main.storyboard in Resources */ = {isa = PBXBuildFile; fileRef = 79FAB1DF1D849BD300D78536 /* Main.storyboard */; };
		79FAB1E41D849BD300D78536 /* web_request.xcdatamodeld in Sources */ = {isa = PBXBuildFile; fileRef = 79FAB1E21D849BD300D78536 /* web_request.xcdatamodeld */; };
		79FAB1E61D849BD300D78536 /* Assets.xcassets in Resources */ = {isa = PBXBuildFile; fileRef = 79FAB1E51D849BD300D78536 /* Assets.xcassets */; };
		79FAB1E91D849BD300D78536 /* LaunchScreen.storyboard in Resources */ = {isa = PBXBuildFile; fileRef = 79FAB1E71D849BD300D78536 /* LaunchScreen.storyboard */; };
		79FAB1F41D849BD300D78536 /* web_requestTests.swift in Sources */ = {isa = PBXBuildFile; fileRef = 79FAB1F31D849BD300D78536 /* web_requestTests.swift */; };
		79FAB1FF1D849BD300D78536 /* web_requestUITests.swift in Sources */ = {isa = PBXBuildFile; fileRef = 79FAB1FE1D849BD300D78536 /* web_requestUITests.swift */; };
/* End PBXBuildFile section */

/* Begin PBXContainerItemProxy section */
		79FAB1F01D849BD300D78536 /* PBXContainerItemProxy */ = {
			isa = PBXContainerItemProxy;
			containerPortal = 79FAB1D01D849BD300D78536 /* Project object */;
			proxyType = 1;
			remoteGlobalIDString = 79FAB1D71D849BD300D78536;
			remoteInfo = "web request";
		};
		79FAB1FB1D849BD300D78536 /* PBXContainerItemProxy */ = {
			isa = PBXContainerItemProxy;
			containerPortal = 79FAB1D01D849BD300D78536 /* Project object */;
			proxyType = 1;
			remoteGlobalIDString = 79FAB1D71D849BD300D78536;
			remoteInfo = "web request";
		};
/* End PBXContainerItemProxy section */

/* Begin PBXFileReference section */
		79FAB1D81D849BD300D78536 /* web request.app */ = {isa = PBXFileReference; explicitFileType = wrapper.application; includeInIndex = 0; path = "web request.app"; sourceTree = BUILT_PRODUCTS_DIR; };
		79FAB1DB1D849BD300D78536 /* AppDelegate.swift */ = {isa = PBXFileReference; lastKnownFileType = sourcecode.swift; path = AppDelegate.swift; sourceTree = "<group>"; };
		79FAB1DD1D849BD300D78536 /* ViewController.swift */ = {isa = PBXFileReference; lastKnownFileType = sourcecode.swift; path = ViewController.swift; sourceTree = "<group>"; };
		79FAB1E01D849BD300D78536 /* Base */ = {isa = PBXFileReference; lastKnownFileType = file.storyboard; name = Base; path = Base.lproj/Main.storyboard; sourceTree = "<group>"; };
		79FAB1E31D849BD300D78536 /* web_request.xcdatamodel */ = {isa = PBXFileReference; lastKnownFileType = wrapper.xcdatamodel; path = web_request.xcdatamodel; sourceTree = "<group>"; };
		79FAB1E51D849BD300D78536 /* Assets.xcassets */ = {isa = PBXFileReference; lastKnownFileType = folder.assetcatalog; path = Assets.xcassets; sourceTree = "<group>"; };
		79FAB1E81D849BD300D78536 /* Base */ = {isa = PBXFileReference; lastKnownFileType = file.storyboard; name = Base; path = Base.lproj/LaunchScreen.storyboard; sourceTree = "<group>"; };
		79FAB1EA1D849BD300D78536 /* Info.plist */ = {isa = PBXFileReference; lastKnownFileType = text.plist.xml; path = Info.plist; sourceTree = "<group>"; };
		79FAB1EF1D849BD300D78536 /* web requestTests.xctest */ = {isa = PBXFileReference; explicitFileType = wrapper.cfbundle; includeInIndex = 0; path = "web requestTests.xctest"; sourceTree = BUILT_PRODUCTS_DIR; };
		79FAB1F31D849BD300D78536 /* web_requestTests.swift */ = {isa = PBXFileReference; lastKnownFileType = sourcecode.swift; path = web_requestTests.swift; sourceTree = "<group>"; };
		79FAB1F51D849BD300D78536 /* Info.plist */ = {isa = PBXFileReference; lastKnownFileType = text.plist.xml; path = Info.plist; sourceTree = "<group>"; };
		79FAB1FA1D849BD300D78536 /* web requestUITests.xctest */ = {isa = PBXFileReference; explicitFileType = wrapper.cfbundle; includeInIndex = 0; path = "web requestUITests.xctest"; sourceTree = BUILT_PRODUCTS_DIR; };
		79FAB1FE1D849BD300D78536 /* web_requestUITests.swift */ = {isa = PBXFileReference; lastKnownFileType = sourcecode.swift; path = web_requestUITests.swift; sourceTree = "<group>"; };
		79FAB2001D849BD300D78536 /* Info.plist */ = {isa = PBXFileReference; lastKnownFileType = text.plist.xml; path = Info.plist; sourceTree = "<group>"; };
/* End PBXFileReference section */

/* Begin PBXFrameworksBuildPhase section */
		79FAB1D51D849BD300D78536 /* Frameworks */ = {
			isa = PBXFrameworksBuildPhase;
			buildActionMask = 2147483647;
			files = (
			);
			runOnlyForDeploymentPostprocessing = 0;
		};
		79FAB1EC1D849BD300D78536 /* Frameworks */ = {
			isa = PBXFrameworksBuildPhase;
			buildActionMask = 2147483647;
			files = (
			);
			runOnlyForDeploymentPostprocessing = 0;
		};
		79FAB1F71D849BD300D78536 /* Frameworks */ = {
			isa = PBXFrameworksBuildPhase;
			buildActionMask = 2147483647;
			files = (
			);
			runOnlyForDeploymentPostprocessing = 0;
		};
/* End PBXFrameworksBuildPhase section */

/* Begin PBXGroup section */
		79FAB1CF1D849BD300D78536 = {
			isa = PBXGroup;
			children = (
				79FAB1DA1D849BD300D78536 /* web request */,
				79FAB1F21D849BD300D78536 /* web requestTests */,
				79FAB1FD1D849BD300D78536 /* web requestUITests */,
				79FAB1D91D849BD300D78536 /* Products */,
			);
			sourceTree = "<group>";
		};
		79FAB1D91D849BD300D78536 /* Products */ = {
			isa = PBXGroup;
			children = (
				79FAB1D81D849BD300D78536 /* web request.app */,
				79FAB1EF1D849BD300D78536 /* web requestTests.xctest */,
				79FAB1FA1D849BD300D78536 /* web requestUITests.xctest */,
			);
			name = Products;
			sourceTree = "<group>";
		};
		79FAB1DA1D849BD300D78536 /* web request */ = {
			isa = PBXGroup;
			children = (
				79FAB1DB1D849BD300D78536 /* AppDelegate.swift */,
				79FAB1DD1D849BD300D78536 /* ViewController.swift */,
				79FAB1DF1D849BD300D78536 /* Main.storyboard */,
				79FAB1E51D849BD300D78536 /* Assets.xcassets */,
				79FAB1E71D849BD300D78536 /* LaunchScreen.storyboard */,
				79FAB1EA1D849BD300D78536 /* Info.plist */,
				79FAB1E21D849BD300D78536 /* web_request.xcdatamodeld */,
			);
			path = "web request";
			sourceTree = "<group>";
		};
		79FAB1F21D849BD300D78536 /* web requestTests */ = {
			isa = PBXGroup;
			children = (
				79FAB1F31D849BD300D78536 /* web_requestTests.swift */,
				79FAB1F51D849BD300D78536 /* Info.plist */,
			);
			path = "web requestTests";
			sourceTree = "<group>";
		};
		79FAB1FD1D849BD300D78536 /* web requestUITests */ = {
			isa = PBXGroup;
			children = (
				79FAB1FE1D849BD300D78536 /* web_requestUITests.swift */,
				79FAB2001D849BD300D78536 /* Info.plist */,
			);
			path = "web requestUITests";
			sourceTree = "<group>";
		};
/* End PBXGroup section */

/* Begin PBXNativeTarget section */
		79FAB1D71D849BD300D78536 /* web request */ = {
			isa = PBXNativeTarget;
			buildConfigurationList = 79FAB2031D849BD300D78536 /* Build configuration list for PBXNativeTarget "web request" */;
			buildPhases = (
				79FAB1D41D849BD300D78536 /* Sources */,
				79FAB1D51D849BD300D78536 /* Frameworks */,
				79FAB1D61D849BD300D78536 /* Resources */,
			);
			buildRules = (
			);
			dependencies = (
			);
			name = "web request";
			productName = "web request";
			productReference = 79FAB1D81D849BD300D78536 /* web request.app */;
			productType = "com.apple.product-type.application";
		};
		79FAB1EE1D849BD300D78536 /* web requestTests */ = {
			isa = PBXNativeTarget;
			buildConfigurationList = 79FAB2061D849BD300D78536 /* Build configuration list for PBXNativeTarget "web requestTests" */;
			buildPhases = (
				79FAB1EB1D849BD300D78536 /* Sources */,
				79FAB1EC1D849BD300D78536 /* Frameworks */,
				79FAB1ED1D849BD300D78536 /* Resources */,
			);
			buildRules = (
			);
			dependencies = (
				79FAB1F11D849BD300D78536 /* PBXTargetDependency */,
			);
			name = "web requestTests";
			productName = "web requestTests";
			productReference = 79FAB1EF1D849BD300D78536 /* web requestTests.xctest */;
			productType = "com.apple.product-type.bundle.unit-test";
		};
		79FAB1F91D849BD300D78536 /* web requestUITests */ = {
			isa = PBXNativeTarget;
			buildConfigurationList = 79FAB2091D849BD300D78536 /* Build configuration list for PBXNativeTarget "web requestUITests" */;
			buildPhases = (
				79FAB1F61D849BD300D78536 /* Sources */,
				79FAB1F71D849BD300D78536 /* Frameworks */,
				79FAB1F81D849BD300D78536 /* Resources */,
			);
			buildRules = (
			);
			dependencies = (
				79FAB1FC1D849BD300D78536 /* PBXTargetDependency */,
			);
			name = "web requestUITests";
			productName = "web requestUITests";
			productReference = 79FAB1FA1D849BD300D78536 /* web requestUITests.xctest */;
			productType = "com.apple.product-type.bundle.ui-testing";
		};
/* End PBXNativeTarget section */

/* Begin PBXProject section */
		79FAB1D01D849BD300D78536 /* Project object */ = {
			isa = PBXProject;
			attributes = {
				LastSwiftUpdateCheck = 0730;
				LastUpgradeCheck = 0730;
				ORGANIZATIONNAME = "Sekou Perry";
				TargetAttributes = {
					79FAB1D71D849BD300D78536 = {
						CreatedOnToolsVersion = 7.3.1;
					};
					79FAB1EE1D849BD300D78536 = {
						CreatedOnToolsVersion = 7.3.1;
						TestTargetID = 79FAB1D71D849BD300D78536;
					};
					79FAB1F91D849BD300D78536 = {
						CreatedOnToolsVersion = 7.3.1;
						TestTargetID = 79FAB1D71D849BD300D78536;
					};
				};
			};
			buildConfigurationList = 79FAB1D31D849BD300D78536 /* Build configuration list for PBXProject "web request" */;
			compatibilityVersion = "Xcode 3.2";
			developmentRegion = English;
			hasScannedForEncodings = 0;
			knownRegions = (
				en,
				Base,
			);
			mainGroup = 79FAB1CF1D849BD300D78536;
			productRefGroup = 79FAB1D91D849BD300D78536 /* Products */;
			projectDirPath = "";
			projectRoot = "";
			targets = (
				79FAB1D71D849BD300D78536 /* web request */,
				79FAB1EE1D849BD300D78536 /* web requestTests */,
				79FAB1F91D849BD300D78536 /* web requestUITests */,
			);
		};
/* End PBXProject section */

/* Begin PBXResourcesBuildPhase section */
		79FAB1D61D849BD300D78536 /* Resources */ = {
			isa = PBXResourcesBuildPhase;
			buildActionMask = 2147483647;
			files = (
				79FAB1E91D849BD300D78536 /* LaunchScreen.storyboard in Resources */,
				79FAB1E61D849BD300D78536 /* Assets.xcassets in Resources */,
				79FAB1E11D849BD300D78536 /* Main.storyboard in Resources */,
			);
			runOnlyForDeploymentPostprocessing = 0;
		};
		79FAB1ED1D849BD300D78536 /* Resources */ = {
			isa = PBXResourcesBuildPhase;
			buildActionMask = 2147483647;
			files = (
			);
			runOnlyForDeploymentPostprocessing = 0;
		};
		79FAB1F81D849BD300D78536 /* Resources */ = {
			isa = PBXResourcesBuildPhase;
			buildActionMask = 2147483647;
			files = (
			);
			runOnlyForDeploymentPostprocessing = 0;
		};
/* End PBXResourcesBuildPhase section */

/* Begin PBXSourcesBuildPhase section */
		79FAB1D41D849BD300D78536 /* Sources */ = {
			isa = PBXSourcesBuildPhase;
			buildActionMask = 2147483647;
			files = (
				79FAB1E41D849BD300D78536 /* web_request.xcdatamodeld in Sources */,
				79FAB1DE1D849BD300D78536 /* ViewController.swift in Sources */,
				79FAB1DC1D849BD300D78536 /* AppDelegate.swift in Sources */,
			);
			runOnlyForDeploymentPostprocessing = 0;
		};
		79FAB1EB1D849BD300D78536 /* Sources */ = {
			isa = PBXSourcesBuildPhase;
			buildActionMask = 2147483647;
			files = (
				79FAB1F41D849BD300D78536 /* web_requestTests.swift in Sources */,
			);
			runOnlyForDeploymentPostprocessing = 0;
		};
		79FAB1F61D849BD300D78536 /* Sources */ = {
			isa = PBXSourcesBuildPhase;
			buildActionMask = 2147483647;
			files = (
				79FAB1FF1D849BD300D78536 /* web_requestUITests.swift in Sources */,
			);
			runOnlyForDeploymentPostprocessing = 0;
		};
/* End PBXSourcesBuildPhase section */

/* Begin PBXTargetDependency section */
		79FAB1F11D849BD300D78536 /* PBXTargetDependency */ = {
			isa = PBXTargetDependency;
			target = 79FAB1D71D849BD300D78536 /* web request */;
			targetProxy = 79FAB1F01D849BD300D78536 /* PBXContainerItemProxy */;
		};
		79FAB1FC1D849BD300D78536 /* PBXTargetDependency */ = {
			isa = PBXTargetDependency;
			target = 79FAB1D71D849BD300D78536 /* web request */;
			targetProxy = 79FAB1FB1D849BD300D78536 /* PBXContainerItemProxy */;
		};
/* End PBXTargetDependency section */

/* Begin PBXVariantGroup section */
		79FAB1DF1D849BD300D78536 /* Main.storyboard */ = {
			isa = PBXVariantGroup;
			children = (
				79FAB1E01D849BD300D78536 /* Base */,
			);
			name = Main.storyboard;
			sourceTree = "<group>";
		};
		79FAB1E71D849BD300D78536 /* LaunchScreen.storyboard */ = {
			isa = PBXVariantGroup;
			children = (
				79FAB1E81D849BD300D78536 /* Base */,
			);
			name = LaunchScreen.storyboard;
			sourceTree = "<group>";
		};
/* End PBXVariantGroup section */

/* Begin XCBuildConfiguration section */
		79FAB2011D849BD300D78536 /* Debug */ = {
			isa = XCBuildConfiguration;
			buildSettings = {
				ALWAYS_SEARCH_USER_PATHS = NO;
				CLANG_ANALYZER_NONNULL = YES;
				CLANG_CXX_LANGUAGE_STANDARD = "gnu++0x";
				CLANG_CXX_LIBRARY = "libc++";
				CLANG_ENABLE_MODULES = YES;
				CLANG_ENABLE_OBJC_ARC = YES;
				CLANG_WARN_BOOL_CONVERSION = YES;
				CLANG_WARN_CONSTANT_CONVERSION = YES;
				CLANG_WARN_DIRECT_OBJC_ISA_USAGE = YES_ERROR;
				CLANG_WARN_EMPTY_BODY = YES;
				CLANG_WARN_ENUM_CONVERSION = YES;
				CLANG_WARN_INT_CONVERSION = YES;
				CLANG_WARN_OBJC_ROOT_CLASS = YES_ERROR;
				CLANG_WARN_UNREACHABLE_CODE = YES;
				CLANG_WARN__DUPLICATE_METHOD_MATCH = YES;
				"CODE_SIGN_IDENTITY[sdk=iphoneos*]" = "iPhone Developer";
				COPY_PHASE_STRIP = NO;
				DEBUG_INFORMATION_FORMAT = dwarf;
				ENABLE_STRICT_OBJC_MSGSEND = YES;
				ENABLE_TESTABILITY = YES;
				GCC_C_LANGUAGE_STANDARD = gnu99;
				GCC_DYNAMIC_NO_PIC = NO;
				GCC_NO_COMMON_BLOCKS = YES;
				GCC_OPTIMIZATION_LEVEL = 0;
				GCC_PREPROCESSOR_DEFINITIONS = (
					"DEBUG=1",
					"$(inherited)",
				);
				GCC_WARN_64_TO_32_BIT_CONVERSION = YES;
				GCC_WARN_ABOUT_RETURN_TYPE = YES_ERROR;
				GCC_WARN_UNDECLARED_SELECTOR = YES;
				GCC_WARN_UNINITIALIZED_AUTOS = YES_AGGRESSIVE;
				GCC_WARN_UNUSED_FUNCTION = YES;
				GCC_WARN_UNUSED_VARIABLE = YES;
				IPHONEOS_DEPLOYMENT_TARGET = 9.3;
				MTL_ENABLE_DEBUG_INFO = YES;
				ONLY_ACTIVE_ARCH = YES;
				SDKROOT = iphoneos;
				SWIFT_OPTIMIZATION_LEVEL = "-Onone";
				TARGETED_DEVICE_FAMILY = "1,2";
			};
			name = Debug;
		};
		79FAB2021D849BD300D78536 /* Release */ = {
			isa = XCBuildConfiguration;
			buildSettings = {
				ALWAYS_SEARCH_USER_PATHS = NO;
				CLANG_ANALYZER_NONNULL = YES;
				CLANG_CXX_LANGUAGE_STANDARD = "gnu++0x";
				CLANG_CXX_LIBRARY = "libc++";
				CLANG_ENABLE_MODULES = YES;
				CLANG_ENABLE_OBJC_ARC = YES;
				CLANG_WARN_BOOL_CONVERSION = YES;
				CLANG_WARN_CONSTANT_CONVERSION = YES;
				CLANG_WARN_DIRECT_OBJC_ISA_USAGE = YES_ERROR;
				CLANG_WARN_EMPTY_BODY = YES;
				CLANG_WARN_ENUM_CONVERSION = YES;
				CLANG_WARN_INT_CONVERSION = YES;
				CLANG_WARN_OBJC_ROOT_CLASS = YES_ERROR;
				CLANG_WARN_UNREACHABLE_CODE = YES;
				CLANG_WARN__DUPLICATE_METHOD_MATCH = YES;
				"CODE_SIGN_IDENTITY[sdk=iphoneos*]" = "iPhone Developer";
				COPY_PHASE_STRIP = NO;
				DEBUG_INFORMATION_FORMAT = "dwarf-with-dsym";
				ENABLE_NS_ASSERTIONS = NO;
				ENABLE_STRICT_OBJC_MSGSEND = YES;
				GCC_C_LANGUAGE_STANDARD = gnu99;
				GCC_NO_COMMON_BLOCKS = YES;
				GCC_WARN_64_TO_32_BIT_CONVERSION = YES;
				GCC_WARN_ABOUT_RETURN_TYPE = YES_ERROR;
				GCC_WARN_UNDECLARED_SELECTOR = YES;
				GCC_WARN_UNINITIALIZED_AUTOS = YES_AGGRESSIVE;
				GCC_WARN_UNUSED_FUNCTION = YES;
				GCC_WARN_UNUSED_VARIABLE = YES;
				IPHONEOS_DEPLOYMENT_TARGET = 9.3;
				MTL_ENABLE_DEBUG_INFO = NO;
				SDKROOT = iphoneos;
				TARGETED_DEVICE_FAMILY = "1,2";
				VALIDATE_PRODUCT = YES;
			};
			name = Release;
		};
		79FAB2041D849BD300D78536 /* Debug */ = {
			isa = XCBuildConfiguration;
			buildSettings = {
				ASSETCATALOG_COMPILER_APPICON_NAME = AppIcon;
				INFOPLIST_FILE = "web request/Info.plist";
				LD_RUNPATH_SEARCH_PATHS = "$(inherited) @executable_path/Frameworks";
				PRODUCT_BUNDLE_IDENTIFIER = "com.sekouperry.web-request";
				PRODUCT_NAME = "$(TARGET_NAME)";
			};
			name = Debug;
		};
		79FAB2051D849BD300D78536 /* Release */ = {
			isa = XCBuildConfiguration;
			buildSettings = {
				ASSETCATALOG_COMPILER_APPICON_NAME = AppIcon;
				INFOPLIST_FILE = "web request/Info.plist";
				LD_RUNPATH_SEARCH_PATHS = "$(inherited) @executable_path/Frameworks";
				PRODUCT_BUNDLE_IDENTIFIER = "com.sekouperry.web-request";
				PRODUCT_NAME = "$(TARGET_NAME)";
			};
			name = Release;
		};
		79FAB2071D849BD300D78536 /* Debug */ = {
			isa = XCBuildConfiguration;
			buildSettings = {
				BUNDLE_LOADER = "$(TEST_HOST)";
				INFOPLIST_FILE = "web requestTests/Info.plist";
				LD_RUNPATH_SEARCH_PATHS = "$(inherited) @executable_path/Frameworks @loader_path/Frameworks";
				PRODUCT_BUNDLE_IDENTIFIER = "com.sekouperry.web-requestTests";
				PRODUCT_NAME = "$(TARGET_NAME)";
				TEST_HOST = "$(BUILT_PRODUCTS_DIR)/web request.app/web request";
			};
			name = Debug;
		};
		79FAB2081D849BD300D78536 /* Release */ = {
			isa = XCBuildConfiguration;
			buildSettings = {
				BUNDLE_LOADER = "$(TEST_HOST)";
				INFOPLIST_FILE = "web requestTests/Info.plist";
				LD_RUNPATH_SEARCH_PATHS = "$(inherited) @executable_path/Frameworks @loader_path/Frameworks";
				PRODUCT_BUNDLE_IDENTIFIER = "com.sekouperry.web-requestTests";
				PRODUCT_NAME = "$(TARGET_NAME)";
				TEST_HOST = "$(BUILT_PRODUCTS_DIR)/web request.app/web request";
			};
			name = Release;
		};
		79FAB20A1D849BD300D78536 /* Debug */ = {
			isa = XCBuildConfiguration;
			buildSettings = {
				INFOPLIST_FILE = "web requestUITests/Info.plist";
				LD_RUNPATH_SEARCH_PATHS = "$(inherited) @executable_path/Frameworks @loader_path/Frameworks";
				PRODUCT_BUNDLE_IDENTIFIER = "com.sekouperry.web-requestUITests";
				PRODUCT_NAME = "$(TARGET_NAME)";
				TEST_TARGET_NAME = "web request";
			};
			name = Debug;
		};
		79FAB20B1D849BD300D78536 /* Release */ = {
			isa = XCBuildConfiguration;
			buildSettings = {
				INFOPLIST_FILE = "web requestUITests/Info.plist";
				LD_RUNPATH_SEARCH_PATHS = "$(inherited) @executable_path/Frameworks @loader_path/Frameworks";
				PRODUCT_BUNDLE_IDENTIFIER = "com.sekouperry.web-requestUITests";
				PRODUCT_NAME = "$(TARGET_NAME)";
				TEST_TARGET_NAME = "web request";
			};
			name = Release;
		};
/* End XCBuildConfiguration section */

/* Begin XCConfigurationList section */
		79FAB1D31D849BD300D78536 /* Build configuration list for PBXProject "web request" */ = {
			isa = XCConfigurationList;
			buildConfigurations = (
				79FAB2011D849BD300D78536 /* Debug */,
				79FAB2021D849BD300D78536 /* Release */,
			);
			defaultConfigurationIsVisible = 0;
			defaultConfigurationName = Release;
		};
		79FAB2031D849BD300D78536 /* Build configuration list for PBXNativeTarget "web request" */ = {
			isa = XCConfigurationList;
			buildConfigurations = (
				79FAB2041D849BD300D78536 /* Debug */,
				79FAB2051D849BD300D78536 /* Release */,
			);
			defaultConfigurationIsVisible = 0;
		};
		79FAB2061D849BD300D78536 /* Build configuration list for PBXNativeTarget "web requestTests" */ = {
			isa = XCConfigurationList;
			buildConfigurations = (
				79FAB2071D849BD300D78536 /* Debug */,
				79FAB2081D849BD300D78536 /* Release */,
			);
			defaultConfigurationIsVisible = 0;
		};
		79FAB2091D849BD300D78536 /* Build configuration list for PBXNativeTarget "web requestUITests" */ = {
			isa = XCConfigurationList;
			buildConfigurations = (
				79FAB20A1D849BD300D78536 /* Debug */,
				79FAB20B1D849BD300D78536 /* Release */,
			);
			defaultConfigurationIsVisible = 0;
		};
/* End XCConfigurationList section */

/* Begin XCVersionGroup section */
		79FAB1E21D849BD300D78536 /* web_request.xcdatamodeld */ = {
			isa = XCVersionGroup;
			children = (
				79FAB1E31D849BD300D78536 /* web_request.xcdatamodel */,
			);
			currentVersion = 79FAB1E31D849BD300D78536 /* web_request.xcdatamodel */;
			path = web_request.xcdatamodeld;
			sourceTree = "<group>";
			versionGroupType = wrapper.xcdatamodel;
		};
/* End XCVersionGroup section */
	};
	rootObject = 79FAB1D01D849BD300D78536 /* Project object */;
}
